// !$*UTF8*$!
{
	archiveVersion = 1;
	classes = {
	};
	objectVersion = 46;
	objects = {

/* Begin PBXBuildFile section */
		95B19A6E1DDADD04001E8A8C /* AppDelegate.swift in Sources */ = {isa = PBXBuildFile; fileRef = 95B19A6D1DDADD04001E8A8C /* AppDelegate.swift */; };
		95B19A701DDADD04001E8A8C /* ViewController.swift in Sources */ = {isa = PBXBuildFile; fileRef = 95B19A6F1DDADD04001E8A8C /* ViewController.swift */; };
		95B19A731DDADD04001E8A8C /* Main.storyboard in Resources */ = {isa = PBXBuildFile; fileRef = 95B19A711DDADD04001E8A8C /* Main.storyboard */; };
		95B19A751DDADD04001E8A8C /* Assets.xcassets in Resources */ = {isa = PBXBuildFile; fileRef = 95B19A741DDADD04001E8A8C /* Assets.xcassets */; };
		95B19A781DDADD04001E8A8C /* LaunchScreen.storyboard in Resources */ = {isa = PBXBuildFile; fileRef = 95B19A761DDADD04001E8A8C /* LaunchScreen.storyboard */; };
		95B19A831DDADD04001E8A8C /* DemotestSqlliteTests.swift in Sources */ = {isa = PBXBuildFile; fileRef = 95B19A821DDADD04001E8A8C /* DemotestSqlliteTests.swift */; };
		95B19A8E1DDADD04001E8A8C /* DemotestSqlliteUITests.swift in Sources */ = {isa = PBXBuildFile; fileRef = 95B19A8D1DDADD04001E8A8C /* DemotestSqlliteUITests.swift */; };
/* End PBXBuildFile section */

/* Begin PBXContainerItemProxy section */
		95B19A7F1DDADD04001E8A8C /* PBXContainerItemProxy */ = {
			isa = PBXContainerItemProxy;
			containerPortal = 95B19A621DDADD04001E8A8C /* Project object */;
			proxyType = 1;
			remoteGlobalIDString = 95B19A691DDADD04001E8A8C;
			remoteInfo = DemotestSqllite;
		};
		95B19A8A1DDADD04001E8A8C /* PBXContainerItemProxy */ = {
			isa = PBXContainerItemProxy;
			containerPortal = 95B19A621DDADD04001E8A8C /* Project object */;
			proxyType = 1;
			remoteGlobalIDString = 95B19A691DDADD04001E8A8C;
			remoteInfo = DemotestSqllite;
		};
/* End PBXContainerItemProxy section */

/* Begin PBXFileReference section */
		95B19A6A1DDADD04001E8A8C /* DemotestSqllite.app */ = {isa = PBXFileReference; explicitFileType = wrapper.application; includeInIndex = 0; path = DemotestSqllite.app; sourceTree = BUILT_PRODUCTS_DIR; };
		95B19A6D1DDADD04001E8A8C /* AppDelegate.swift */ = {isa = PBXFileReference; lastKnownFileType = sourcecode.swift; path = AppDelegate.swift; sourceTree = "<group>"; };
		95B19A6F1DDADD04001E8A8C /* ViewController.swift */ = {isa = PBXFileReference; lastKnownFileType = sourcecode.swift; path = ViewController.swift; sourceTree = "<group>"; };
		95B19A721DDADD04001E8A8C /* Base */ = {isa = PBXFileReference; lastKnownFileType = file.storyboard; name = Base; path = Base.lproj/Main.storyboard; sourceTree = "<group>"; };
		95B19A741DDADD04001E8A8C /* Assets.xcassets */ = {isa = PBXFileReference; lastKnownFileType = folder.assetcatalog; path = Assets.xcassets; sourceTree = "<group>"; };
		95B19A771DDADD04001E8A8C /* Base */ = {isa = PBXFileReference; lastKnownFileType = file.storyboard; name = Base; path = Base.lproj/LaunchScreen.storyboard; sourceTree = "<group>"; };
		95B19A791DDADD04001E8A8C /* Info.plist */ = {isa = PBXFileReference; lastKnownFileType = text.plist.xml; path = Info.plist; sourceTree = "<group>"; };
		95B19A7E1DDADD04001E8A8C /* DemotestSqlliteTests.xctest */ = {isa = PBXFileReference; explicitFileType = wrapper.cfbundle; includeInIndex = 0; path = DemotestSqlliteTests.xctest; sourceTree = BUILT_PRODUCTS_DIR; };
		95B19A821DDADD04001E8A8C /* DemotestSqlliteTests.swift */ = {isa = PBXFileReference; lastKnownFileType = sourcecode.swift; path = DemotestSqlliteTests.swift; sourceTree = "<group>"; };
		95B19A841DDADD04001E8A8C /* Info.plist */ = {isa = PBXFileReference; lastKnownFileType = text.plist.xml; path = Info.plist; sourceTree = "<group>"; };
		95B19A891DDADD04001E8A8C /* DemotestSqlliteUITests.xctest */ = {isa = PBXFileReference; explicitFileType = wrapper.cfbundle; includeInIndex = 0; path = DemotestSqlliteUITests.xctest; sourceTree = BUILT_PRODUCTS_DIR; };
		95B19A8D1DDADD04001E8A8C /* DemotestSqlliteUITests.swift */ = {isa = PBXFileReference; lastKnownFileType = sourcecode.swift; path = DemotestSqlliteUITests.swift; sourceTree = "<group>"; };
		95B19A8F1DDADD04001E8A8C /* Info.plist */ = {isa = PBXFileReference; lastKnownFileType = text.plist.xml; path = Info.plist; sourceTree = "<group>"; };
/* End PBXFileReference section */

/* Begin PBXFrameworksBuildPhase section */
		95B19A671DDADD04001E8A8C /* Frameworks */ = {
			isa = PBXFrameworksBuildPhase;
			buildActionMask = 2147483647;
			files = (
			);
			runOnlyForDeploymentPostprocessing = 0;
		};
		95B19A7B1DDADD04001E8A8C /* Frameworks */ = {
			isa = PBXFrameworksBuildPhase;
			buildActionMask = 2147483647;
			files = (
			);
			runOnlyForDeploymentPostprocessing = 0;
		};
		95B19A861DDADD04001E8A8C /* Frameworks */ = {
			isa = PBXFrameworksBuildPhase;
			buildActionMask = 2147483647;
			files = (
			);
			runOnlyForDeploymentPostprocessing = 0;
		};
/* End PBXFrameworksBuildPhase section */

/* Begin PBXGroup section */
		95B19A611DDADD04001E8A8C = {
			isa = PBXGroup;
			children = (
				95B19A6C1DDADD04001E8A8C /* DemotestSqllite */,
				95B19A811DDADD04001E8A8C /* DemotestSqlliteTests */,
				95B19A8C1DDADD04001E8A8C /* DemotestSqlliteUITests */,
				95B19A6B1DDADD04001E8A8C /* Products */,
			);
			sourceTree = "<group>";
		};
		95B19A6B1DDADD04001E8A8C /* Products */ = {
			isa = PBXGroup;
			children = (
				95B19A6A1DDADD04001E8A8C /* DemotestSqllite.app */,
				95B19A7E1DDADD04001E8A8C /* DemotestSqlliteTests.xctest */,
				95B19A891DDADD04001E8A8C /* DemotestSqlliteUITests.xctest */,
			);
			name = Products;
			sourceTree = "<group>";
		};
		95B19A6C1DDADD04001E8A8C /* DemotestSqllite */ = {
			isa = PBXGroup;
			children = (
				95B19A6D1DDADD04001E8A8C /* AppDelegate.swift */,
				95B19A6F1DDADD04001E8A8C /* ViewController.swift */,
				95B19A711DDADD04001E8A8C /* Main.storyboard */,
				95B19A741DDADD04001E8A8C /* Assets.xcassets */,
				95B19A761DDADD04001E8A8C /* LaunchScreen.storyboard */,
				95B19A791DDADD04001E8A8C /* Info.plist */,
			);
			path = DemotestSqllite;
			sourceTree = "<group>";
		};
		95B19A811DDADD04001E8A8C /* DemotestSqlliteTests */ = {
			isa = PBXGroup;
			children = (
				95B19A821DDADD04001E8A8C /* DemotestSqlliteTests.swift */,
				95B19A841DDADD04001E8A8C /* Info.plist */,
			);
			path = DemotestSqlliteTests;
			sourceTree = "<group>";
		};
		95B19A8C1DDADD04001E8A8C /* DemotestSqlliteUITests */ = {
			isa = PBXGroup;
			children = (
				95B19A8D1DDADD04001E8A8C /* DemotestSqlliteUITests.swift */,
				95B19A8F1DDADD04001E8A8C /* Info.plist */,
			);
			path = DemotestSqlliteUITests;
			sourceTree = "<group>";
		};
/* End PBXGroup section */

/* Begin PBXNativeTarget section */
		95B19A691DDADD04001E8A8C /* DemotestSqllite */ = {
			isa = PBXNativeTarget;
			buildConfigurationList = 95B19A921DDADD04001E8A8C /* Build configuration list for PBXNativeTarget "DemotestSqllite" */;
			buildPhases = (
				95B19A661DDADD04001E8A8C /* Sources */,
				95B19A671DDADD04001E8A8C /* Frameworks */,
				95B19A681DDADD04001E8A8C /* Resources */,
			);
			buildRules = (
			);
			dependencies = (
			);
			name = DemotestSqllite;
			productName = DemotestSqllite;
			productReference = 95B19A6A1DDADD04001E8A8C /* DemotestSqllite.app */;
			productType = "com.apple.product-type.application";
		};
		95B19A7D1DDADD04001E8A8C /* DemotestSqlliteTests */ = {
			isa = PBXNativeTarget;
			buildConfigurationList = 95B19A951DDADD04001E8A8C /* Build configuration list for PBXNativeTarget "DemotestSqlliteTests" */;
			buildPhases = (
				95B19A7A1DDADD04001E8A8C /* Sources */,
				95B19A7B1DDADD04001E8A8C /* Frameworks */,
				95B19A7C1DDADD04001E8A8C /* Resources */,
			);
			buildRules = (
			);
			dependencies = (
				95B19A801DDADD04001E8A8C /* PBXTargetDependency */,
			);
			name = DemotestSqlliteTests;
			productName = DemotestSqlliteTests;
			productReference = 95B19A7E1DDADD04001E8A8C /* DemotestSqlliteTests.xctest */;
			productType = "com.apple.product-type.bundle.unit-test";
		};
		95B19A881DDADD04001E8A8C /* DemotestSqlliteUITests */ = {
			isa = PBXNativeTarget;
			buildConfigurationList = 95B19A981DDADD04001E8A8C /* Build configuration list for PBXNativeTarget "DemotestSqlliteUITests" */;
			buildPhases = (
				95B19A851DDADD04001E8A8C /* Sources */,
				95B19A861DDADD04001E8A8C /* Frameworks */,
				95B19A871DDADD04001E8A8C /* Resources */,
			);
			buildRules = (
			);
			dependencies = (
				95B19A8B1DDADD04001E8A8C /* PBXTargetDependency */,
			);
			name = DemotestSqlliteUITests;
			productName = DemotestSqlliteUITests;
			productReference = 95B19A891DDADD04001E8A8C /* DemotestSqlliteUITests.xctest */;
			productType = "com.apple.product-type.bundle.ui-testing";
		};
/* End PBXNativeTarget section */

/* Begin PBXProject section */
		95B19A621DDADD04001E8A8C /* Project object */ = {
			isa = PBXProject;
			attributes = {
				LastSwiftUpdateCheck = 0800;
				LastUpgradeCheck = 0800;
				ORGANIZATIONNAME = IBDTDMAC;
				TargetAttributes = {
					95B19A691DDADD04001E8A8C = {
						CreatedOnToolsVersion = 8.0;
						ProvisioningStyle = Automatic;
					};
					95B19A7D1DDADD04001E8A8C = {
						CreatedOnToolsVersion = 8.0;
						ProvisioningStyle = Automatic;
						TestTargetID = 95B19A691DDADD04001E8A8C;
					};
					95B19A881DDADD04001E8A8C = {
						CreatedOnToolsVersion = 8.0;
						ProvisioningStyle = Automatic;
						TestTargetID = 95B19A691DDADD04001E8A8C;
					};
				};
			};
			buildConfigurationList = 95B19A651DDADD04001E8A8C /* Build configuration list for PBXProject "DemotestSqllite" */;
			compatibilityVersion = "Xcode 3.2";
			developmentRegion = English;
			hasScannedForEncodings = 0;
			knownRegions = (
				en,
				Base,
			);
			mainGroup = 95B19A611DDADD04001E8A8C;
			productRefGroup = 95B19A6B1DDADD04001E8A8C /* Products */;
			projectDirPath = "";
			projectRoot = "";
			targets = (
				95B19A691DDADD04001E8A8C /* DemotestSqllite */,
				95B19A7D1DDADD04001E8A8C /* DemotestSqlliteTests */,
				95B19A881DDADD04001E8A8C /* DemotestSqlliteUITests */,
			);
		};
/* End PBXProject section */

/* Begin PBXResourcesBuildPhase section */
		95B19A681DDADD04001E8A8C /* Resources */ = {
			isa = PBXResourcesBuildPhase;
			buildActionMask = 2147483647;
			files = (
				95B19A781DDADD04001E8A8C /* LaunchScreen.storyboard in Resources */,
				95B19A751DDADD04001E8A8C /* Assets.xcassets in Resources */,
				95B19A731DDADD04001E8A8C /* Main.storyboard in Resources */,
			);
			runOnlyForDeploymentPostprocessing = 0;
		};
		95B19A7C1DDADD04001E8A8C /* Resources */ = {
			isa = PBXResourcesBuildPhase;
			buildActionMask = 2147483647;
			files = (
			);
			runOnlyForDeploymentPostprocessing = 0;
		};
		95B19A871DDADD04001E8A8C /* Resources */ = {
			isa = PBXResourcesBuildPhase;
			buildActionMask = 2147483647;
			files = (
			);
			runOnlyForDeploymentPostprocessing = 0;
		};
/* End PBXResourcesBuildPhase section */

/* Begin PBXSourcesBuildPhase section */
		95B19A661DDADD04001E8A8C /* Sources */ = {
			isa = PBXSourcesBuildPhase;
			buildActionMask = 2147483647;
			files = (
				95B19A701DDADD04001E8A8C /* ViewController.swift in Sources */,
				95B19A6E1DDADD04001E8A8C /* AppDelegate.swift in Sources */,
			);
			runOnlyForDeploymentPostprocessing = 0;
		};
		95B19A7A1DDADD04001E8A8C /* Sources */ = {
			isa = PBXSourcesBuildPhase;
			buildActionMask = 2147483647;
			files = (
				95B19A831DDADD04001E8A8C /* DemotestSqlliteTests.swift in Sources */,
			);
			runOnlyForDeploymentPostprocessing = 0;
		};
		95B19A851DDADD04001E8A8C /* Sources */ = {
			isa = PBXSourcesBuildPhase;
			buildActionMask = 2147483647;
			files = (
				95B19A8E1DDADD04001E8A8C /* DemotestSqlliteUITests.swift in Sources */,
			);
			runOnlyForDeploymentPostprocessing = 0;
		};
/* End PBXSourcesBuildPhase section */

/* Begin PBXTargetDependency section */
		95B19A801DDADD04001E8A8C /* PBXTargetDependency */ = {
			isa = PBXTargetDependency;
			target = 95B19A691DDADD04001E8A8C /* DemotestSqllite */;
			targetProxy = 95B19A7F1DDADD04001E8A8C /* PBXContainerItemProxy */;
		};
		95B19A8B1DDADD04001E8A8C /* PBXTargetDependency */ = {
			isa = PBXTargetDependency;
			target = 95B19A691DDADD04001E8A8C /* DemotestSqllite */;
			targetProxy = 95B19A8A1DDADD04001E8A8C /* PBXContainerItemProxy */;
		};
/* End PBXTargetDependency section */

/* Begin PBXVariantGroup section */
		95B19A711DDADD04001E8A8C /* Main.storyboard */ = {
			isa = PBXVariantGroup;
			children = (
				95B19A721DDADD04001E8A8C /* Base */,
			);
			name = Main.storyboard;
			sourceTree = "<group>";
		};
		95B19A761DDADD04001E8A8C /* LaunchScreen.storyboard */ = {
			isa = PBXVariantGroup;
			children = (
				95B19A771DDADD04001E8A8C /* Base */,
			);
			name = LaunchScreen.storyboard;
			sourceTree = "<group>";
		};
/* End PBXVariantGroup section */

/* Begin XCBuildConfiguration section */
		95B19A901DDADD04001E8A8C /* Debug */ = {
			isa = XCBuildConfiguration;
			buildSettings = {
				ALWAYS_SEARCH_USER_PATHS = NO;
				CLANG_ANALYZER_NONNULL = YES;
				CLANG_CXX_LANGUAGE_STANDARD = "gnu++0x";
				CLANG_CXX_LIBRARY = "libc++";
				CLANG_ENABLE_MODULES = YES;
				CLANG_ENABLE_OBJC_ARC = YES;
				CLANG_WARN_BOOL_CONVERSION = YES;
				CLANG_WARN_CONSTANT_CONVERSION = YES;
				CLANG_WARN_DIRECT_OBJC_ISA_USAGE = YES_ERROR;
				CLANG_WARN_DOCUMENTATION_COMMENTS = YES;
				CLANG_WARN_EMPTY_BODY = YES;
				CLANG_WARN_ENUM_CONVERSION = YES;
				CLANG_WARN_INFINITE_RECURSION = YES;
				CLANG_WARN_INT_CONVERSION = YES;
				CLANG_WARN_OBJC_ROOT_CLASS = YES_ERROR;
				CLANG_WARN_SUSPICIOUS_MOVES = YES;
				CLANG_WARN_UNREACHABLE_CODE = YES;
				CLANG_WARN__DUPLICATE_METHOD_MATCH = YES;
				"CODE_SIGN_IDENTITY[sdk=iphoneos*]" = "iPhone Developer";
				COPY_PHASE_STRIP = NO;
				DEBUG_INFORMATION_FORMAT = dwarf;
				ENABLE_STRICT_OBJC_MSGSEND = YES;
				ENABLE_TESTABILITY = YES;
				GCC_C_LANGUAGE_STANDARD = gnu99;
				GCC_DYNAMIC_NO_PIC = NO;
				GCC_NO_COMMON_BLOCKS = YES;
				GCC_OPTIMIZATION_LEVEL = 0;
				GCC_PREPROCESSOR_DEFINITIONS = (
					"DEBUG=1",
					"$(inherited)",
				);
				GCC_WARN_64_TO_32_BIT_CONVERSION = YES;
				GCC_WARN_ABOUT_RETURN_TYPE = YES_ERROR;
				GCC_WARN_UNDECLARED_SELECTOR = YES;
				GCC_WARN_UNINITIALIZED_AUTOS = YES_AGGRESSIVE;
				GCC_WARN_UNUSED_FUNCTION = YES;
				GCC_WARN_UNUSED_VARIABLE = YES;
				IPHONEOS_DEPLOYMENT_TARGET = 10.0;
				MTL_ENABLE_DEBUG_INFO = YES;
				ONLY_ACTIVE_ARCH = YES;
				SDKROOT = iphoneos;
				SWIFT_ACTIVE_COMPILATION_CONDITIONS = DEBUG;
				SWIFT_OPTIMIZATION_LEVEL = "-Onone";
				TARGETED_DEVICE_FAMILY = "1,2";
			};
			name = Debug;
		};
		95B19A911DDADD04001E8A8C /* Release */ = {
			isa = XCBuildConfiguration;
			buildSettings = {
				ALWAYS_SEARCH_USER_PATHS = NO;
				CLANG_ANALYZER_NONNULL = YES;
				CLANG_CXX_LANGUAGE_STANDARD = "gnu++0x";
				CLANG_CXX_LIBRARY = "libc++";
				CLANG_ENABLE_MODULES = YES;
				CLANG_ENABLE_OBJC_ARC = YES;
				CLANG_WARN_BOOL_CONVERSION = YES;
				CLANG_WARN_CONSTANT_CONVERSION = YES;
				CLANG_WARN_DIRECT_OBJC_ISA_USAGE = YES_ERROR;
				CLANG_WARN_DOCUMENTATION_COMMENTS = YES;
				CLANG_WARN_EMPTY_BODY = YES;
				CLANG_WARN_ENUM_CONVERSION = YES;
				CLANG_WARN_INFINITE_RECURSION = YES;
				CLANG_WARN_INT_CONVERSION = YES;
				CLANG_WARN_OBJC_ROOT_CLASS = YES_ERROR;
				CLANG_WARN_SUSPICIOUS_MOVES = YES;
				CLANG_WARN_UNREACHABLE_CODE = YES;
				CLANG_WARN__DUPLICATE_METHOD_MATCH = YES;
				"CODE_SIGN_IDENTITY[sdk=iphoneos*]" = "iPhone Developer";
				COPY_PHASE_STRIP = NO;
				DEBUG_INFORMATION_FORMAT = "dwarf-with-dsym";
				ENABLE_NS_ASSERTIONS = NO;
				ENABLE_STRICT_OBJC_MSGSEND = YES;
				GCC_C_LANGUAGE_STANDARD = gnu99;
				GCC_NO_COMMON_BLOCKS = YES;
				GCC_WARN_64_TO_32_BIT_CONVERSION = YES;
				GCC_WARN_ABOUT_RETURN_TYPE = YES_ERROR;
				GCC_WARN_UNDECLARED_SELECTOR = YES;
				GCC_WARN_UNINITIALIZED_AUTOS = YES_AGGRESSIVE;
				GCC_WARN_UNUSED_FUNCTION = YES;
				GCC_WARN_UNUSED_VARIABLE = YES;
				IPHONEOS_DEPLOYMENT_TARGET = 10.0;
				MTL_ENABLE_DEBUG_INFO = NO;
				SDKROOT = iphoneos;
				SWIFT_OPTIMIZATION_LEVEL = "-Owholemodule";
				TARGETED_DEVICE_FAMILY = "1,2";
				VALIDATE_PRODUCT = YES;
			};
			name = Release;
		};
		95B19A931DDADD04001E8A8C /* Debug */ = {
			isa = XCBuildConfiguration;
			buildSettings = {
				ASSETCATALOG_COMPILER_APPICON_NAME = AppIcon;
				INFOPLIST_FILE = DemotestSqllite/Info.plist;
				LD_RUNPATH_SEARCH_PATHS = "$(inherited) @executable_path/Frameworks";
				PRODUCT_BUNDLE_IDENTIFIER = com.ibdtd.DemotestSqllite;
				PRODUCT_NAME = "$(TARGET_NAME)";
				SWIFT_VERSION = 3.0;
			};
			name = Debug;
		};
		95B19A941DDADD04001E8A8C /* Release */ = {
			isa = XCBuildConfiguration;
			buildSettings = {
				ASSETCATALOG_COMPILER_APPICON_NAME = AppIcon;
				INFOPLIST_FILE = DemotestSqllite/Info.plist;
				LD_RUNPATH_SEARCH_PATHS = "$(inherited) @executable_path/Frameworks";
				PRODUCT_BUNDLE_IDENTIFIER = com.ibdtd.DemotestSqllite;
				PRODUCT_NAME = "$(TARGET_NAME)";
				SWIFT_VERSION = 3.0;
			};
			name = Release;
		};
		95B19A961DDADD04001E8A8C /* Debug */ = {
			isa = XCBuildConfiguration;
			buildSettings = {
				ALWAYS_EMBED_SWIFT_STANDARD_LIBRARIES = YES;
				BUNDLE_LOADER = "$(TEST_HOST)";
				INFOPLIST_FILE = DemotestSqlliteTests/Info.plist;
				LD_RUNPATH_SEARCH_PATHS = "$(inherited) @executable_path/Frameworks @loader_path/Frameworks";
				PRODUCT_BUNDLE_IDENTIFIER = com.ibdtd.DemotestSqlliteTests;
				PRODUCT_NAME = "$(TARGET_NAME)";
				SWIFT_VERSION = 3.0;
				TEST_HOST = "$(BUILT_PRODUCTS_DIR)/DemotestSqllite.app/DemotestSqllite";
			};
			name = Debug;
		};
		95B19A971DDADD04001E8A8C /* Release */ = {
			isa = XCBuildConfiguration;
			buildSettings = {
				ALWAYS_EMBED_SWIFT_STANDARD_LIBRARIES = YES;
				BUNDLE_LOADER = "$(TEST_HOST)";
				INFOPLIST_FILE = DemotestSqlliteTests/Info.plist;
				LD_RUNPATH_SEARCH_PATHS = "$(inherited) @executable_path/Frameworks @loader_path/Frameworks";
				PRODUCT_BUNDLE_IDENTIFIER = com.ibdtd.DemotestSqlliteTests;
				PRODUCT_NAME = "$(TARGET_NAME)";
				SWIFT_VERSION = 3.0;
				TEST_HOST = "$(BUILT_PRODUCTS_DIR)/DemotestSqllite.app/DemotestSqllite";
			};
			name = Release;
		};
		95B19A991DDADD04001E8A8C /* Debug */ = {
			isa = XCBuildConfiguration;
			buildSettings = {
				ALWAYS_EMBED_SWIFT_STANDARD_LIBRARIES = YES;
				INFOPLIST_FILE = DemotestSqlliteUITests/Info.plist;
				LD_RUNPATH_SEARCH_PATHS = "$(inherited) @executable_path/Frameworks @loader_path/Frameworks";
				PRODUCT_BUNDLE_IDENTIFIER = com.ibdtd.DemotestSqlliteUITests;
				PRODUCT_NAME = "$(TARGET_NAME)";
				SWIFT_VERSION = 3.0;
				TEST_TARGET_NAME = DemotestSqllite;
			};
			name = Debug;
		};
		95B19A9A1DDADD04001E8A8C /* Release */ = {
			isa = XCBuildConfiguration;
			buildSettings = {
				ALWAYS_EMBED_SWIFT_STANDARD_LIBRARIES = YES;
				INFOPLIST_FILE = DemotestSqlliteUITests/Info.plist;
				LD_RUNPATH_SEARCH_PATHS = "$(inherited) @executable_path/Frameworks @loader_path/Frameworks";
				PRODUCT_BUNDLE_IDENTIFIER = com.ibdtd.DemotestSqlliteUITests;
				PRODUCT_NAME = "$(TARGET_NAME)";
				SWIFT_VERSION = 3.0;
				TEST_TARGET_NAME = DemotestSqllite;
			};
			name = Release;
		};
/* End XCBuildConfiguration section */

/* Begin XCConfigurationList section */
		95B19A651DDADD04001E8A8C /* Build configuration list for PBXProject "DemotestSqllite" */ = {
			isa = XCConfigurationList;
			buildConfigurations = (
				95B19A901DDADD04001E8A8C /* Debug */,
				95B19A911DDADD04001E8A8C /* Release */,
			);
			defaultConfigurationIsVisible = 0;
			defaultConfigurationName = Release;
		};
		95B19A921DDADD04001E8A8C /* Build configuration list for PBXNativeTarget "DemotestSqllite" */ = {
			isa = XCConfigurationList;
			buildConfigurations = (
				95B19A931DDADD04001E8A8C /* Debug */,
				95B19A941DDADD04001E8A8C /* Release */,
			);
			defaultConfigurationIsVisible = 0;
		};
		95B19A951DDADD04001E8A8C /* Build configuration list for PBXNativeTarget "DemotestSqlliteTests" */ = {
			isa = XCConfigurationList;
			buildConfigurations = (
				95B19A961DDADD04001E8A8C /* Debug */,
				95B19A971DDADD04001E8A8C /* Release */,
			);
			defaultConfigurationIsVisible = 0;
		};
		95B19A981DDADD04001E8A8C /* Build configuration list for PBXNativeTarget "DemotestSqlliteUITests" */ = {
			isa = XCConfigurationList;
			buildConfigurations = (
				95B19A991DDADD04001E8A8C /* Debug */,
				95B19A9A1DDADD04001E8A8C /* Release */,
			);
			defaultConfigurationIsVisible = 0;
		};
/* End XCConfigurationList section */
	};
	rootObject = 95B19A621DDADD04001E8A8C /* Project object */;
}
